
Microsoft Visual Studio Solution File, Format Version 12.00
# Blend for Visual Studio Version 17
VisualStudioVersion = 17.5.33502.453
MinimumVisualStudioVersion = 10.0.40219.1
Project("{FAE04EC0-301F-11D3-BF4B-00C04F79EFBC}") = "Protótipo", "Protótipo.csproj", "{7F66DEBC-6662-4EE2-9345-82CC37EFA4AA}"
EndProject
Global
	GlobalSection(SolutionConfigurationPlatforms) = preSolution
		Debug|Any CPU = Debug|Any CPU
		Release|Any CPU = Release|Any CPU
	EndGlobalSection
	GlobalSection(ProjectConfigurationPlatforms) = postSolution
		{7F66DEBC-6662-4EE2-9345-82CC37EFA4AA}.Debug|Any CPU.ActiveCfg = Debug|Any CPU
		{7F66DEBC-6662-4EE2-9345-82CC37EFA4AA}.Debug|Any CPU.Build.0 = Debug|Any CPU
		{7F66DEBC-6662-4EE2-9345-82CC37EFA4AA}.Release|Any CPU.ActiveCfg = Release|Any CPU
		{7F66DEBC-6662-4EE2-9345-82CC37EFA4AA}.Release|Any CPU.Build.0 = Release|Any CPU
	EndGlobalSection
	GlobalSection(SolutionProperties) = preSolution
		HideSolutionNode = FALSE
	EndGlobalSection
	GlobalSection(ExtensibilityGlobals) = postSolution
		SolutionGuid = {90F0E209-DE26-458C-B14F-122871575131}
	EndGlobalSection
EndGlobal
